[{<<"common_lib">>,
  {git,"https://github.com/funbox/common_lib.git",
       {ref,"b9a51cdd2284e16f72edc89d9598b61c014e369b"}},
  0},
 {<<"goldrush">>,
  {git,"https://github.com/basho/goldrush.git",
       {ref,"8f1b715d36b650ec1e1f5612c00e28af6ab0de82"}},
  1},
 {<<"lager">>,
  {git,"https://github.com/basho/lager.git",
       {ref,"81eaef0ce98fdbf64ab95665e3bc2ec4b24c7dac"}},
  0}].
